
Microsoft Visual Studio Solution File, Format Version 12.00
# Visual Studio 2012
Project("{FAE04EC0-301F-11D3-BF4B-00C04F79EFBC}") = "WebApplication1", "WebApplication1\WebApplication1.csproj", "{7E513F6D-39A0-499B-9577-5638931EF7FA}"
EndProject
Global
	GlobalSection(SolutionConfigurationPlatforms) = preSolution
		Debug|Any CPU = Debug|Any CPU
		Release|Any CPU = Release|Any CPU
	EndGlobalSection
	GlobalSection(ProjectConfigurationPlatforms) = postSolution
		{7E513F6D-39A0-499B-9577-5638931EF7FA}.Debug|Any CPU.ActiveCfg = Debug|Any CPU
		{7E513F6D-39A0-499B-9577-5638931EF7FA}.Debug|Any CPU.Build.0 = Debug|Any CPU
		{7E513F6D-39A0-499B-9577-5638931EF7FA}.Release|Any CPU.ActiveCfg = Release|Any CPU
		{7E513F6D-39A0-499B-9577-5638931EF7FA}.Release|Any CPU.Build.0 = Release|Any CPU
	EndGlobalSection
	GlobalSection(SolutionProperties) = preSolution
		HideSolutionNode = FALSE
	EndGlobalSection
EndGlobal
